
Microsoft Visual Studio Solution File, Format Version 10.00
# Visual Studio 2008
Project("{FAE04EC0-301F-11D3-BF4B-00C04F79EFBC}") = "MonoMac.Windows.Forms", "MonoMac.Windows.Forms.csproj", "{FFD271D2-67B3-4FAB-99BF-8E28BB6F0B76}"
EndProject
Global
	GlobalSection(SolutionConfigurationPlatforms) = preSolution
		Debug|Any CPU = Debug|Any CPU
		Release|Any CPU = Release|Any CPU
	EndGlobalSection
	GlobalSection(ProjectConfigurationPlatforms) = postSolution
		{FFD271D2-67B3-4FAB-99BF-8E28BB6F0B76}.Debug|Any CPU.ActiveCfg = Debug|Any CPU
		{FFD271D2-67B3-4FAB-99BF-8E28BB6F0B76}.Debug|Any CPU.Build.0 = Debug|Any CPU
		{FFD271D2-67B3-4FAB-99BF-8E28BB6F0B76}.Release|Any CPU.ActiveCfg = Release|Any CPU
		{FFD271D2-67B3-4FAB-99BF-8E28BB6F0B76}.Release|Any CPU.Build.0 = Release|Any CPU
	EndGlobalSection
	GlobalSection(MonoDevelopProperties) = preSolution
		StartupItem = MonoMac.Windows.Forms.csproj
	EndGlobalSection
EndGlobal
