
Microsoft Visual Studio Solution File, Format Version 11.00
# Visual Studio 2010
Project("{FAE04EC0-301F-11D3-BF4B-00C04F79EFBC}") = "System.Windows.Forms", "MonoMac.Windows.Forms\System.Windows.Forms.csproj", "{FFD271D2-67B3-4FAB-99BF-8E28BB6F0B76}"
EndProject
Project("{2150E333-8FDC-42A3-9474-1A3956D46DE8}") = "Samples", "Samples", "{7489C34A-8B61-463E-9D5F-2D6A94A8A508}"
EndProject
Project("{FAE04EC0-301F-11D3-BF4B-00C04F79EFBC}") = "ListboxSample", "ListboxSample\ListboxSample.csproj", "{A0E8435D-FF47-411B-95F7-0302E6DE6D9E}"
EndProject
Project("{FAE04EC0-301F-11D3-BF4B-00C04F79EFBC}") = "TestLoad", "TestLoad\TestLoad.csproj", "{CCDAA602-7A9C-463B-ABD3-719D843B7E91}"
EndProject
Project("{FAE04EC0-301F-11D3-BF4B-00C04F79EFBC}") = "MouseEvent", "MouseEvent\MouseEvent.csproj", "{CF09021C-2276-46ED-8DFC-158A07FCCBAB}"
EndProject
Project("{FAE04EC0-301F-11D3-BF4B-00C04F79EFBC}") = "TextboxSample", "TextboxSample\TextboxSample.csproj", "{B1CE3750-5070-40D4-BDC1-C8C1D882DBFB}"
EndProject
Project("{FAE04EC0-301F-11D3-BF4B-00C04F79EFBC}") = "RhinoTester", "RhinoTester\RhinoTester.csproj", "{9065F419-62B4-4600-B0DF-E6791F7AEE5A}"
EndProject
Global
	GlobalSection(SolutionConfigurationPlatforms) = preSolution
		Debug|Any CPU = Debug|Any CPU
		Release|Any CPU = Release|Any CPU
		Default|Any CPU = Default|Any CPU
		GH_Debug|Any CPU = GH_Debug|Any CPU
		GH_Release|Any CPU = GH_Release|Any CPU
		Mono|Any CPU = Mono|Any CPU
	EndGlobalSection
	GlobalSection(ProjectConfigurationPlatforms) = postSolution
		{9065F419-62B4-4600-B0DF-E6791F7AEE5A}.Debug|Any CPU.ActiveCfg = Debug|Any CPU
		{9065F419-62B4-4600-B0DF-E6791F7AEE5A}.Debug|Any CPU.Build.0 = Debug|Any CPU
		{9065F419-62B4-4600-B0DF-E6791F7AEE5A}.Default|Any CPU.ActiveCfg = Debug|Any CPU
		{9065F419-62B4-4600-B0DF-E6791F7AEE5A}.Default|Any CPU.Build.0 = Debug|Any CPU
		{9065F419-62B4-4600-B0DF-E6791F7AEE5A}.Release|Any CPU.ActiveCfg = Release|Any CPU
		{9065F419-62B4-4600-B0DF-E6791F7AEE5A}.Release|Any CPU.Build.0 = Release|Any CPU
		{A0E8435D-FF47-411B-95F7-0302E6DE6D9E}.Debug|Any CPU.ActiveCfg = Debug|Any CPU
		{A0E8435D-FF47-411B-95F7-0302E6DE6D9E}.Debug|Any CPU.Build.0 = Debug|Any CPU
		{A0E8435D-FF47-411B-95F7-0302E6DE6D9E}.Default|Any CPU.ActiveCfg = Debug|Any CPU
		{A0E8435D-FF47-411B-95F7-0302E6DE6D9E}.Default|Any CPU.Build.0 = Debug|Any CPU
		{A0E8435D-FF47-411B-95F7-0302E6DE6D9E}.Release|Any CPU.ActiveCfg = Release|Any CPU
		{A0E8435D-FF47-411B-95F7-0302E6DE6D9E}.Release|Any CPU.Build.0 = Release|Any CPU
		{B1CE3750-5070-40D4-BDC1-C8C1D882DBFB}.Debug|Any CPU.ActiveCfg = Debug|Any CPU
		{B1CE3750-5070-40D4-BDC1-C8C1D882DBFB}.Debug|Any CPU.Build.0 = Debug|Any CPU
		{B1CE3750-5070-40D4-BDC1-C8C1D882DBFB}.Default|Any CPU.ActiveCfg = Debug|Any CPU
		{B1CE3750-5070-40D4-BDC1-C8C1D882DBFB}.Default|Any CPU.Build.0 = Debug|Any CPU
		{B1CE3750-5070-40D4-BDC1-C8C1D882DBFB}.Release|Any CPU.ActiveCfg = Release|Any CPU
		{B1CE3750-5070-40D4-BDC1-C8C1D882DBFB}.Release|Any CPU.Build.0 = Release|Any CPU
		{CCDAA602-7A9C-463B-ABD3-719D843B7E91}.Debug|Any CPU.ActiveCfg = Debug|Any CPU
		{CCDAA602-7A9C-463B-ABD3-719D843B7E91}.Debug|Any CPU.Build.0 = Debug|Any CPU
		{CCDAA602-7A9C-463B-ABD3-719D843B7E91}.Release|Any CPU.ActiveCfg = Release|Any CPU
		{CCDAA602-7A9C-463B-ABD3-719D843B7E91}.Release|Any CPU.Build.0 = Release|Any CPU
		{CF09021C-2276-46ED-8DFC-158A07FCCBAB}.Debug|Any CPU.ActiveCfg = Debug|Any CPU
		{CF09021C-2276-46ED-8DFC-158A07FCCBAB}.Debug|Any CPU.Build.0 = Debug|Any CPU
		{CF09021C-2276-46ED-8DFC-158A07FCCBAB}.Default|Any CPU.ActiveCfg = Debug|Any CPU
		{CF09021C-2276-46ED-8DFC-158A07FCCBAB}.Default|Any CPU.Build.0 = Debug|Any CPU
		{CF09021C-2276-46ED-8DFC-158A07FCCBAB}.Release|Any CPU.ActiveCfg = Release|Any CPU
		{CF09021C-2276-46ED-8DFC-158A07FCCBAB}.Release|Any CPU.Build.0 = Release|Any CPU
		{FFD271D2-67B3-4FAB-99BF-8E28BB6F0B76}.Debug|Any CPU.ActiveCfg = Debug|Any CPU
		{FFD271D2-67B3-4FAB-99BF-8E28BB6F0B76}.Debug|Any CPU.Build.0 = Debug|Any CPU
		{FFD271D2-67B3-4FAB-99BF-8E28BB6F0B76}.Default|Any CPU.ActiveCfg = Debug|Any CPU
		{FFD271D2-67B3-4FAB-99BF-8E28BB6F0B76}.Default|Any CPU.Build.0 = Debug|Any CPU
		{FFD271D2-67B3-4FAB-99BF-8E28BB6F0B76}.Release|Any CPU.ActiveCfg = Release|Any CPU
		{FFD271D2-67B3-4FAB-99BF-8E28BB6F0B76}.Release|Any CPU.Build.0 = Release|Any CPU
	EndGlobalSection
	GlobalSection(NestedProjects) = preSolution
		{A0E8435D-FF47-411B-95F7-0302E6DE6D9E} = {7489C34A-8B61-463E-9D5F-2D6A94A8A508}
		{CCDAA602-7A9C-463B-ABD3-719D843B7E91} = {7489C34A-8B61-463E-9D5F-2D6A94A8A508}
		{CF09021C-2276-46ED-8DFC-158A07FCCBAB} = {7489C34A-8B61-463E-9D5F-2D6A94A8A508}
		{B1CE3750-5070-40D4-BDC1-C8C1D882DBFB} = {7489C34A-8B61-463E-9D5F-2D6A94A8A508}
		{9065F419-62B4-4600-B0DF-E6791F7AEE5A} = {7489C34A-8B61-463E-9D5F-2D6A94A8A508}
	EndGlobalSection
	GlobalSection(MonoDevelopProperties) = preSolution
		StartupItem = TestLoad\TestLoad.csproj
	EndGlobalSection
EndGlobal
